{
  "name": "netlify-playground",
  "version": "1.0.0",
  "lockfileVersion": 1,
  "requires": true,
  "dependencies": {
    "@bharathvaj/netlify-plugin-airbrake": {
      "version": "1.0.2",
      "resolved": "https://registry.npmjs.org/@bharathvaj/netlify-plugin-airbrake/-/netlify-plugin-airbrake-1.0.2.tgz",
      "integrity": "sha512-8mXAsoypVQn2Hv6afU4V0hHIPwrt/EAsCSp7HZM+S/uaCywAaz+RFqhgNaRor3ZUmUcLie1fvz4dQxYekcdbWA==",
      "dev": true,
      "requires": {
        "axios": "^0.21.1"
      }
    },
    "axios": {
      "version": "0.21.1",
      "resolved": "https://registry.npmjs.org/axios/-/axios-0.21.1.tgz",
      "integrity": "sha512-dKQiRHxGD9PPRIUNIWvZhPTPpl1rf/OxTYKsqKUDjBwYylTvV7SjSHJb9ratfyzM6wCdLCOYLzs73qpg5c4iGA==",
      "dev": true,
      "requires": {
        "follow-redirects": "^1.10.0"
      }
    },
    "follow-redirects": {
      "version": "1.14.0",
      "resolved": "https://registry.npmjs.org/follow-redirects/-/follow-redirects-1.14.0.tgz",
      "integrity": "sha512-0vRwd7RKQBTt+mgu87mtYeofLFZpTas2S9zY+jIeuLJMNvudIgF52nr19q40HOwH5RrhWIPuj9puybzSJiRrVg==",
      "dev": true
    }
  }
}
